// !$*UTF8*$!
{
	archiveVersion = 1;
	classes = {
	};
	objectVersion = 46;
	objects = {

/* Begin PBXBuildFile section */
		7BD30AC81CC12C64008D602A /* main.m in Sources */ = {isa = PBXBuildFile; fileRef = 7BD30AC71CC12C64008D602A /* main.m */; };
		7BD30ACB1CC12C64008D602A /* AppDelegate.m in Sources */ = {isa = PBXBuildFile; fileRef = 7BD30ACA1CC12C64008D602A /* AppDelegate.m */; };
		7BD30ACE1CC12C64008D602A /* FirstViewController.m in Sources */ = {isa = PBXBuildFile; fileRef = 7BD30ACD1CC12C64008D602A /* FirstViewController.m */; };
		7BD30AD11CC12C64008D602A /* SecondViewController.m in Sources */ = {isa = PBXBuildFile; fileRef = 7BD30AD01CC12C64008D602A /* SecondViewController.m */; };
		7BD30AD41CC12C64008D602A /* Main.storyboard in Resources */ = {isa = PBXBuildFile; fileRef = 7BD30AD21CC12C64008D602A /* Main.storyboard */; };
		7BD30AD61CC12C64008D602A /* Assets.xcassets in Resources */ = {isa = PBXBuildFile; fileRef = 7BD30AD51CC12C64008D602A /* Assets.xcassets */; };
		7BD30AD91CC12C64008D602A /* LaunchScreen.storyboard in Resources */ = {isa = PBXBuildFile; fileRef = 7BD30AD71CC12C64008D602A /* LaunchScreen.storyboard */; };
/* End PBXBuildFile section */

/* Begin PBXFileReference section */
		7BD30AC31CC12C64008D602A /* ex.app */ = {isa = PBXFileReference; explicitFileType = wrapper.application; includeInIndex = 0; path = ex.app; sourceTree = BUILT_PRODUCTS_DIR; };
		7BD30AC71CC12C64008D602A /* main.m */ = {isa = PBXFileReference; lastKnownFileType = sourcecode.c.objc; path = main.m; sourceTree = "<group>"; };
		7BD30AC91CC12C64008D602A /* AppDelegate.h */ = {isa = PBXFileReference; lastKnownFileType = sourcecode.c.h; path = AppDelegate.h; sourceTree = "<group>"; };
		7BD30ACA1CC12C64008D602A /* AppDelegate.m */ = {isa = PBXFileReference; lastKnownFileType = sourcecode.c.objc; path = AppDelegate.m; sourceTree = "<group>"; };
		7BD30ACC1CC12C64008D602A /* FirstViewController.h */ = {isa = PBXFileReference; lastKnownFileType = sourcecode.c.h; path = FirstViewController.h; sourceTree = "<group>"; };
		7BD30ACD1CC12C64008D602A /* FirstViewController.m */ = {isa = PBXFileReference; lastKnownFileType = sourcecode.c.objc; path = FirstViewController.m; sourceTree = "<group>"; };
		7BD30ACF1CC12C64008D602A /* SecondViewController.h */ = {isa = PBXFileReference; lastKnownFileType = sourcecode.c.h; path = SecondViewController.h; sourceTree = "<group>"; };
		7BD30AD01CC12C64008D602A /* SecondViewController.m */ = {isa = PBXFileReference; lastKnownFileType = sourcecode.c.objc; path = SecondViewController.m; sourceTree = "<group>"; };
		7BD30AD31CC12C64008D602A /* Base */ = {isa = PBXFileReference; lastKnownFileType = file.storyboard; name = Base; path = Base.lproj/Main.storyboard; sourceTree = "<group>"; };
		7BD30AD51CC12C64008D602A /* Assets.xcassets */ = {isa = PBXFileReference; lastKnownFileType = folder.assetcatalog; path = Assets.xcassets; sourceTree = "<group>"; };
		7BD30AD81CC12C64008D602A /* Base */ = {isa = PBXFileReference; lastKnownFileType = file.storyboard; name = Base; path = Base.lproj/LaunchScreen.storyboard; sourceTree = "<group>"; };
		7BD30ADA1CC12C64008D602A /* Info.plist */ = {isa = PBXFileReference; lastKnownFileType = text.plist.xml; path = Info.plist; sourceTree = "<group>"; };
/* End PBXFileReference section */

/* Begin PBXFrameworksBuildPhase section */
		7BD30AC01CC12C64008D602A /* Frameworks */ = {
			isa = PBXFrameworksBuildPhase;
			buildActionMask = 2147483647;
			files = (
			);
			runOnlyForDeploymentPostprocessing = 0;
		};
/* End PBXFrameworksBuildPhase section */

/* Begin PBXGroup section */
		7BD30ABA1CC12C64008D602A = {
			isa = PBXGroup;
			children = (
				7BD30AC51CC12C64008D602A /* ex */,
				7BD30AC41CC12C64008D602A /* Products */,
			);
			sourceTree = "<group>";
		};
		7BD30AC41CC12C64008D602A /* Products */ = {
			isa = PBXGroup;
			children = (
				7BD30AC31CC12C64008D602A /* ex.app */,
			);
			name = Products;
			sourceTree = "<group>";
		};
		7BD30AC51CC12C64008D602A /* ex */ = {
			isa = PBXGroup;
			children = (
				7BD30AC91CC12C64008D602A /* AppDelegate.h */,
				7BD30ACA1CC12C64008D602A /* AppDelegate.m */,
				7BD30ACC1CC12C64008D602A /* FirstViewController.h */,
				7BD30ACD1CC12C64008D602A /* FirstViewController.m */,
				7BD30ACF1CC12C64008D602A /* SecondViewController.h */,
				7BD30AD01CC12C64008D602A /* SecondViewController.m */,
				7BD30AD21CC12C64008D602A /* Main.storyboard */,
				7BD30AD51CC12C64008D602A /* Assets.xcassets */,
				7BD30AD71CC12C64008D602A /* LaunchScreen.storyboard */,
				7BD30ADA1CC12C64008D602A /* Info.plist */,
				7BD30AC61CC12C64008D602A /* Supporting Files */,
			);
			path = ex;
			sourceTree = "<group>";
		};
		7BD30AC61CC12C64008D602A /* Supporting Files */ = {
			isa = PBXGroup;
			children = (
				7BD30AC71CC12C64008D602A /* main.m */,
			);
			name = "Supporting Files";
			sourceTree = "<group>";
		};
/* End PBXGroup section */

/* Begin PBXNativeTarget section */
		7BD30AC21CC12C64008D602A /* ex */ = {
			isa = PBXNativeTarget;
			buildConfigurationList = 7BD30ADD1CC12C64008D602A /* Build configuration list for PBXNativeTarget "ex" */;
			buildPhases = (
				7BD30ABF1CC12C64008D602A /* Sources */,
				7BD30AC01CC12C64008D602A /* Frameworks */,
				7BD30AC11CC12C64008D602A /* Resources */,
			);
			buildRules = (
			);
			dependencies = (
			);
			name = ex;
			productName = ex;
			productReference = 7BD30AC31CC12C64008D602A /* ex.app */;
			productType = "com.apple.product-type.application";
		};
/* End PBXNativeTarget section */

/* Begin PBXProject section */
		7BD30ABB1CC12C64008D602A /* Project object */ = {
			isa = PBXProject;
			attributes = {
				LastUpgradeCheck = 0730;
				ORGANIZATIONNAME = "Oliver Short";
				TargetAttributes = {
					7BD30AC21CC12C64008D602A = {
						CreatedOnToolsVersion = 7.3;
						DevelopmentTeam = FK453D76P8;
					};
				};
			};
			buildConfigurationList = 7BD30ABE1CC12C64008D602A /* Build configuration list for PBXProject "ex" */;
			compatibilityVersion = "Xcode 3.2";
			developmentRegion = English;
			hasScannedForEncodings = 0;
			knownRegions = (
				en,
				Base,
			);
			mainGroup = 7BD30ABA1CC12C64008D602A;
			productRefGroup = 7BD30AC41CC12C64008D602A /* Products */;
			projectDirPath = "";
			projectRoot = "";
			targets = (
				7BD30AC21CC12C64008D602A /* ex */,
			);
		};
/* End PBXProject section */

/* Begin PBXResourcesBuildPhase section */
		7BD30AC11CC12C64008D602A /* Resources */ = {
			isa = PBXResourcesBuildPhase;
			buildActionMask = 2147483647;
			files = (
				7BD30AD91CC12C64008D602A /* LaunchScreen.storyboard in Resources */,
				7BD30AD61CC12C64008D602A /* Assets.xcassets in Resources */,
				7BD30AD41CC12C64008D602A /* Main.storyboard in Resources */,
			);
			runOnlyForDeploymentPostprocessing = 0;
		};
/* End PBXResourcesBuildPhase section */

/* Begin PBXSourcesBuildPhase section */
		7BD30ABF1CC12C64008D602A /* Sources */ = {
			isa = PBXSourcesBuildPhase;
			buildActionMask = 2147483647;
			files = (
				7BD30AD11CC12C64008D602A /* SecondViewController.m in Sources */,
				7BD30ACB1CC12C64008D602A /* AppDelegate.m in Sources */,
				7BD30ACE1CC12C64008D602A /* FirstViewController.m in Sources */,
				7BD30AC81CC12C64008D602A /* main.m in Sources */,
			);
			runOnlyForDeploymentPostprocessing = 0;
		};
/* End PBXSourcesBuildPhase section */

/* Begin PBXVariantGroup section */
		7BD30AD21CC12C64008D602A /* Main.storyboard */ = {
			isa = PBXVariantGroup;
			children = (
				7BD30AD31CC12C64008D602A /* Base */,
			);
			name = Main.storyboard;
			sourceTree = "<group>";
		};
		7BD30AD71CC12C64008D602A /* LaunchScreen.storyboard */ = {
			isa = PBXVariantGroup;
			children = (
				7BD30AD81CC12C64008D602A /* Base */,
			);
			name = LaunchScreen.storyboard;
			sourceTree = "<group>";
		};
/* End PBXVariantGroup section */

/* Begin XCBuildConfiguration section */
		7BD30ADB1CC12C64008D602A /* Debug */ = {
			isa = XCBuildConfiguration;
			buildSettings = {
				ALWAYS_SEARCH_USER_PATHS = NO;
				CLANG_ANALYZER_NONNULL = YES;
				CLANG_CXX_LANGUAGE_STANDARD = "gnu++0x";
				CLANG_CXX_LIBRARY = "libc++";
				CLANG_ENABLE_MODULES = YES;
				CLANG_ENABLE_OBJC_ARC = YES;
				CLANG_WARN_BOOL_CONVERSION = YES;
				CLANG_WARN_CONSTANT_CONVERSION = YES;
				CLANG_WARN_DIRECT_OBJC_ISA_USAGE = YES_ERROR;
				CLANG_WARN_EMPTY_BODY = YES;
				CLANG_WARN_ENUM_CONVERSION = YES;
				CLANG_WARN_INT_CONVERSION = YES;
				CLANG_WARN_OBJC_ROOT_CLASS = YES_ERROR;
				CLANG_WARN_UNREACHABLE_CODE = YES;
				CLANG_WARN__DUPLICATE_METHOD_MATCH = YES;
				"CODE_SIGN_IDENTITY[sdk=iphoneos*]" = "iPhone Developer";
				COPY_PHASE_STRIP = NO;
				DEBUG_INFORMATION_FORMAT = dwarf;
				ENABLE_STRICT_OBJC_MSGSEND = YES;
				ENABLE_TESTABILITY = YES;
				GCC_C_LANGUAGE_STANDARD = gnu99;
				GCC_DYNAMIC_NO_PIC = NO;
				GCC_NO_COMMON_BLOCKS = YES;
				GCC_OPTIMIZATION_LEVEL = 0;
				GCC_PREPROCESSOR_DEFINITIONS = (
					"DEBUG=1",
					"$(inherited)",
				);
				GCC_WARN_64_TO_32_BIT_CONVERSION = YES;
				GCC_WARN_ABOUT_RETURN_TYPE = YES_ERROR;
				GCC_WARN_UNDECLARED_SELECTOR = YES;
				GCC_WARN_UNINITIALIZED_AUTOS = YES_AGGRESSIVE;
				GCC_WARN_UNUSED_FUNCTION = YES;
				GCC_WARN_UNUSED_VARIABLE = YES;
				IPHONEOS_DEPLOYMENT_TARGET = 9.3;
				MTL_ENABLE_DEBUG_INFO = YES;
				ONLY_ACTIVE_ARCH = YES;
				SDKROOT = iphoneos;
				TARGETED_DEVICE_FAMILY = "1,2";
			};
			name = Debug;
		};
		7BD30ADC1CC12C64008D602A /* Release */ = {
			isa = XCBuildConfiguration;
			buildSettings = {
				ALWAYS_SEARCH_USER_PATHS = NO;
				CLANG_ANALYZER_NONNULL = YES;
				CLANG_CXX_LANGUAGE_STANDARD = "gnu++0x";
				CLANG_CXX_LIBRARY = "libc++";
				CLANG_ENABLE_MODULES = YES;
				CLANG_ENABLE_OBJC_ARC = YES;
				CLANG_WARN_BOOL_CONVERSION = YES;
				CLANG_WARN_CONSTANT_CONVERSION = YES;
				CLANG_WARN_DIRECT_OBJC_ISA_USAGE = YES_ERROR;
				CLANG_WARN_EMPTY_BODY = YES;
				CLANG_WARN_ENUM_CONVERSION = YES;
				CLANG_WARN_INT_CONVERSION = YES;
				CLANG_WARN_OBJC_ROOT_CLASS = YES_ERROR;
				CLANG_WARN_UNREACHABLE_CODE = YES;
				CLANG_WARN__DUPLICATE_METHOD_MATCH = YES;
				"CODE_SIGN_IDENTITY[sdk=iphoneos*]" = "iPhone Developer";
				COPY_PHASE_STRIP = NO;
				DEBUG_INFORMATION_FORMAT = "dwarf-with-dsym";
				ENABLE_NS_ASSERTIONS = NO;
				ENABLE_STRICT_OBJC_MSGSEND = YES;
				GCC_C_LANGUAGE_STANDARD = gnu99;
				GCC_NO_COMMON_BLOCKS = YES;
				GCC_WARN_64_TO_32_BIT_CONVERSION = YES;
				GCC_WARN_ABOUT_RETURN_TYPE = YES_ERROR;
				GCC_WARN_UNDECLARED_SELECTOR = YES;
				GCC_WARN_UNINITIALIZED_AUTOS = YES_AGGRESSIVE;
				GCC_WARN_UNUSED_FUNCTION = YES;
				GCC_WARN_UNUSED_VARIABLE = YES;
				IPHONEOS_DEPLOYMENT_TARGET = 9.3;
				MTL_ENABLE_DEBUG_INFO = NO;
				SDKROOT = iphoneos;
				TARGETED_DEVICE_FAMILY = "1,2";
				VALIDATE_PRODUCT = YES;
			};
			name = Release;
		};
		7BD30ADE1CC12C64008D602A /* Debug */ = {
			isa = XCBuildConfiguration;
			buildSettings = {
				ASSETCATALOG_COMPILER_APPICON_NAME = AppIcon;
				INFOPLIST_FILE = ex/Info.plist;
				LD_RUNPATH_SEARCH_PATHS = "$(inherited) @executable_path/Frameworks";
				PRODUCT_BUNDLE_IDENTIFIER = oliverShort.ex;
				PRODUCT_NAME = "$(TARGET_NAME)";
			};
			name = Debug;
		};
		7BD30ADF1CC12C64008D602A /* Release */ = {
			isa = XCBuildConfiguration;
			buildSettings = {
				ASSETCATALOG_COMPILER_APPICON_NAME = AppIcon;
				INFOPLIST_FILE = ex/Info.plist;
				LD_RUNPATH_SEARCH_PATHS = "$(inherited) @executable_path/Frameworks";
				PRODUCT_BUNDLE_IDENTIFIER = oliverShort.ex;
				PRODUCT_NAME = "$(TARGET_NAME)";
			};
			name = Release;
		};
/* End XCBuildConfiguration section */

/* Begin XCConfigurationList section */
		7BD30ABE1CC12C64008D602A /* Build configuration list for PBXProject "ex" */ = {
			isa = XCConfigurationList;
			buildConfigurations = (
				7BD30ADB1CC12C64008D602A /* Debug */,
				7BD30ADC1CC12C64008D602A /* Release */,
			);
			defaultConfigurationIsVisible = 0;
			defaultConfigurationName = Release;
		};
		7BD30ADD1CC12C64008D602A /* Build configuration list for PBXNativeTarget "ex" */ = {
			isa = XCConfigurationList;
			buildConfigurations = (
				7BD30ADE1CC12C64008D602A /* Debug */,
				7BD30ADF1CC12C64008D602A /* Release */,
			);
			defaultConfigurationIsVisible = 0;
		};
/* End XCConfigurationList section */
	};
	rootObject = 7BD30ABB1CC12C64008D602A /* Project object */;
}
